
Microsoft Visual Studio Solution File, Format Version 12.00
# Visual Studio Version 17
VisualStudioVersion = 17.12.35728.132
MinimumVisualStudioVersion = 10.0.40219.1
Project("{FAE04EC0-301F-11D3-BF4B-00C04F79EFBC}") = "WordTask", "WordTask\WordTask.csproj", "{EAAAA316-366F-44ED-A461-91DA13B53A3C}"
EndProject
Project("{FAE04EC0-301F-11D3-BF4B-00C04F79EFBC}") = "DocumentsLibrary", "DocumentsLibrary\DocumentsLibrary.csproj", "{14572FF5-F8DC-4E67-9EF9-D929FFC4DD42}"
EndProject
Global
	GlobalSection(SolutionConfigurationPlatforms) = preSolution
		Debug|Any CPU = Debug|Any CPU
		Release|Any CPU = Release|Any CPU
	EndGlobalSection
	GlobalSection(ProjectConfigurationPlatforms) = postSolution
		{EAAAA316-366F-44ED-A461-91DA13B53A3C}.Debug|Any CPU.ActiveCfg = Debug|Any CPU
		{EAAAA316-366F-44ED-A461-91DA13B53A3C}.Debug|Any CPU.Build.0 = Debug|Any CPU
		{EAAAA316-366F-44ED-A461-91DA13B53A3C}.Release|Any CPU.ActiveCfg = Release|Any CPU
		{EAAAA316-366F-44ED-A461-91DA13B53A3C}.Release|Any CPU.Build.0 = Release|Any CPU
		{14572FF5-F8DC-4E67-9EF9-D929FFC4DD42}.Debug|Any CPU.ActiveCfg = Debug|Any CPU
		{14572FF5-F8DC-4E67-9EF9-D929FFC4DD42}.Debug|Any CPU.Build.0 = Debug|Any CPU
		{14572FF5-F8DC-4E67-9EF9-D929FFC4DD42}.Release|Any CPU.ActiveCfg = Release|Any CPU
		{14572FF5-F8DC-4E67-9EF9-D929FFC4DD42}.Release|Any CPU.Build.0 = Release|Any CPU
	EndGlobalSection
	GlobalSection(SolutionProperties) = preSolution
		HideSolutionNode = FALSE
	EndGlobalSection
EndGlobal
